
Microsoft Visual Studio Solution File, Format Version 12.00
# Visual Studio 15
VisualStudioVersion = 15.0.27428.2015
MinimumVisualStudioVersion = 10.0.40219.1
Project("{FAE04EC0-301F-11D3-BF4B-00C04F79EFBC}") = "Microondas.View", "Microondas.View\Microondas.View.csproj", "{95090EA3-8200-45DD-8C98-0140EC80A707}"
EndProject
Project("{FAE04EC0-301F-11D3-BF4B-00C04F79EFBC}") = "Microondas.Controller", "Microondas.Controller\Microondas.Controller.csproj", "{0936B289-4AA2-4D2C-AFCE-549981FFA914}"
EndProject
Project("{FAE04EC0-301F-11D3-BF4B-00C04F79EFBC}") = "Microondas.Teste", "Microondas.Teste\Microondas.Teste.csproj", "{030A4945-E80C-4964-8454-D2852F93357E}"
EndProject
Global
	GlobalSection(SolutionConfigurationPlatforms) = preSolution
		Debug|Any CPU = Debug|Any CPU
		Release|Any CPU = Release|Any CPU
	EndGlobalSection
	GlobalSection(ProjectConfigurationPlatforms) = postSolution
		{95090EA3-8200-45DD-8C98-0140EC80A707}.Debug|Any CPU.ActiveCfg = Debug|Any CPU
		{95090EA3-8200-45DD-8C98-0140EC80A707}.Debug|Any CPU.Build.0 = Debug|Any CPU
		{95090EA3-8200-45DD-8C98-0140EC80A707}.Release|Any CPU.ActiveCfg = Release|Any CPU
		{95090EA3-8200-45DD-8C98-0140EC80A707}.Release|Any CPU.Build.0 = Release|Any CPU
		{0936B289-4AA2-4D2C-AFCE-549981FFA914}.Debug|Any CPU.ActiveCfg = Debug|Any CPU
		{0936B289-4AA2-4D2C-AFCE-549981FFA914}.Debug|Any CPU.Build.0 = Debug|Any CPU
		{0936B289-4AA2-4D2C-AFCE-549981FFA914}.Release|Any CPU.ActiveCfg = Release|Any CPU
		{0936B289-4AA2-4D2C-AFCE-549981FFA914}.Release|Any CPU.Build.0 = Release|Any CPU
		{030A4945-E80C-4964-8454-D2852F93357E}.Debug|Any CPU.ActiveCfg = Debug|Any CPU
		{030A4945-E80C-4964-8454-D2852F93357E}.Debug|Any CPU.Build.0 = Debug|Any CPU
		{030A4945-E80C-4964-8454-D2852F93357E}.Release|Any CPU.ActiveCfg = Release|Any CPU
		{030A4945-E80C-4964-8454-D2852F93357E}.Release|Any CPU.Build.0 = Release|Any CPU
	EndGlobalSection
	GlobalSection(SolutionProperties) = preSolution
		HideSolutionNode = FALSE
	EndGlobalSection
	GlobalSection(ExtensibilityGlobals) = postSolution
		SolutionGuid = {3BCEB453-8A58-4F5F-B834-4BC98252E1F0}
	EndGlobalSection
EndGlobal
